
Microsoft Visual Studio Solution File, Format Version 12.00
# Visual Studio Version 17
VisualStudioVersion = 17.11.35312.102
MinimumVisualStudioVersion = 10.0.40219.1
Project("{FAE04EC0-301F-11D3-BF4B-00C04F79EFBC}") = "Fall2024-Assignment1-remcculley", "Fall2024-Assignment1-remcculley\Fall2024-Assignment1-remcculley.csproj", "{2E43585F-433F-4072-BFAD-46FA2229EE19}"
EndProject
Global
	GlobalSection(SolutionConfigurationPlatforms) = preSolution
		Debug|Any CPU = Debug|Any CPU
		Release|Any CPU = Release|Any CPU
	EndGlobalSection
	GlobalSection(ProjectConfigurationPlatforms) = postSolution
		{2E43585F-433F-4072-BFAD-46FA2229EE19}.Debug|Any CPU.ActiveCfg = Debug|Any CPU
		{2E43585F-433F-4072-BFAD-46FA2229EE19}.Debug|Any CPU.Build.0 = Debug|Any CPU
		{2E43585F-433F-4072-BFAD-46FA2229EE19}.Release|Any CPU.ActiveCfg = Release|Any CPU
		{2E43585F-433F-4072-BFAD-46FA2229EE19}.Release|Any CPU.Build.0 = Release|Any CPU
	EndGlobalSection
	GlobalSection(SolutionProperties) = preSolution
		HideSolutionNode = FALSE
	EndGlobalSection
	GlobalSection(ExtensibilityGlobals) = postSolution
		SolutionGuid = {F9F15B0B-A767-4800-B31A-7B59CDFDDE74}
	EndGlobalSection
EndGlobal
